
Microsoft Visual Studio Solution File, Format Version 12.00
# Visual Studio Version 17
VisualStudioVersion = 17.3.32825.248
MinimumVisualStudioVersion = 10.0.40219.1
Project("{FAE04EC0-301F-11D3-BF4B-00C04F79EFBC}") = "ControlesdeContatos", "ControlesdeContatos.csproj", "{BBFE0A4D-3698-4E2B-8771-615B0F5D27C6}"
EndProject
Global
	GlobalSection(SolutionConfigurationPlatforms) = preSolution
		Debug|Any CPU = Debug|Any CPU
		Release|Any CPU = Release|Any CPU
	EndGlobalSection
	GlobalSection(ProjectConfigurationPlatforms) = postSolution
		{BBFE0A4D-3698-4E2B-8771-615B0F5D27C6}.Debug|Any CPU.ActiveCfg = Debug|Any CPU
		{BBFE0A4D-3698-4E2B-8771-615B0F5D27C6}.Debug|Any CPU.Build.0 = Debug|Any CPU
		{BBFE0A4D-3698-4E2B-8771-615B0F5D27C6}.Release|Any CPU.ActiveCfg = Release|Any CPU
		{BBFE0A4D-3698-4E2B-8771-615B0F5D27C6}.Release|Any CPU.Build.0 = Release|Any CPU
	EndGlobalSection
	GlobalSection(SolutionProperties) = preSolution
		HideSolutionNode = FALSE
	EndGlobalSection
	GlobalSection(ExtensibilityGlobals) = postSolution
		SolutionGuid = {55A58C0C-C4AE-494E-92F2-96D378465D64}
	EndGlobalSection
EndGlobal
